
Microsoft Visual Studio Solution File, Format Version 12.00
# Visual Studio Version 16
VisualStudioVersion = 16.0.30114.105
MinimumVisualStudioVersion = 10.0.40219.1
Project("{FAE04EC0-301F-11D3-BF4B-00C04F79EFBC}") = "Robot.Simulator", "Robot.Simulator\Robot.Simulator.csproj", "{CB9414F0-378D-4F54-BCC3-6904672152F4}"
EndProject
Project("{FAE04EC0-301F-11D3-BF4B-00C04F79EFBC}") = "Robot.Simulator.Core", "Robot.Simulator.Core\Robot.Simulator.Core.csproj", "{57AD09DB-8732-46AE-8115-537874AAED13}"
EndProject
Project("{FAE04EC0-301F-11D3-BF4B-00C04F79EFBC}") = "Robot.Simulator.Core.Tests", "Robot.Simulator.Core.Tests\Robot.Simulator.Core.Tests.csproj", "{C9D04E8E-9E9A-41EF-8360-BE487BC2D494}"
EndProject
Global
	GlobalSection(SolutionConfigurationPlatforms) = preSolution
		Debug|Any CPU = Debug|Any CPU
		Release|Any CPU = Release|Any CPU
	EndGlobalSection
	GlobalSection(ProjectConfigurationPlatforms) = postSolution
		{CB9414F0-378D-4F54-BCC3-6904672152F4}.Debug|Any CPU.ActiveCfg = Debug|Any CPU
		{CB9414F0-378D-4F54-BCC3-6904672152F4}.Debug|Any CPU.Build.0 = Debug|Any CPU
		{CB9414F0-378D-4F54-BCC3-6904672152F4}.Release|Any CPU.ActiveCfg = Release|Any CPU
		{CB9414F0-378D-4F54-BCC3-6904672152F4}.Release|Any CPU.Build.0 = Release|Any CPU
		{57AD09DB-8732-46AE-8115-537874AAED13}.Debug|Any CPU.ActiveCfg = Debug|Any CPU
		{57AD09DB-8732-46AE-8115-537874AAED13}.Debug|Any CPU.Build.0 = Debug|Any CPU
		{57AD09DB-8732-46AE-8115-537874AAED13}.Release|Any CPU.ActiveCfg = Release|Any CPU
		{57AD09DB-8732-46AE-8115-537874AAED13}.Release|Any CPU.Build.0 = Release|Any CPU
		{C9D04E8E-9E9A-41EF-8360-BE487BC2D494}.Debug|Any CPU.ActiveCfg = Debug|Any CPU
		{C9D04E8E-9E9A-41EF-8360-BE487BC2D494}.Debug|Any CPU.Build.0 = Debug|Any CPU
		{C9D04E8E-9E9A-41EF-8360-BE487BC2D494}.Release|Any CPU.ActiveCfg = Release|Any CPU
		{C9D04E8E-9E9A-41EF-8360-BE487BC2D494}.Release|Any CPU.Build.0 = Release|Any CPU
	EndGlobalSection
	GlobalSection(SolutionProperties) = preSolution
		HideSolutionNode = FALSE
	EndGlobalSection
	GlobalSection(ExtensibilityGlobals) = postSolution
		SolutionGuid = {35824C3C-C668-4609-BFE3-EDA8DB8D6FA1}
	EndGlobalSection
EndGlobal
